
Microsoft Visual Studio Solution File, Format Version 12.00
# Visual Studio Version 17
VisualStudioVersion = 17.12.35527.113
MinimumVisualStudioVersion = 10.0.40219.1
Project("{8BC9CEB8-8B4A-11D0-8D11-00A0C91BC942}") = "01-HelloWorld", "01-HelloWorld\01-HelloWorld\01-HelloWorld.vcxproj", "{2BA25D3F-2723-4894-A36B-53480B467FE2}"
EndProject
Project("{8BC9CEB8-8B4A-11D0-8D11-00A0C91BC942}") = "02-函数重载", "02-函数重载\02-函数重载\02-函数重载.vcxproj", "{D4A60524-AA54-4CF4-AF7F-28DED54864F3}"
EndProject
Project("{8BC9CEB8-8B4A-11D0-8D11-00A0C91BC942}") = "03-默认参数", "03-默认参数\03-默认参数\03-默认参数.vcxproj", "{AD72C5B4-378E-4126-9EE2-4CF13B9D3C49}"
EndProject
Project("{8BC9CEB8-8B4A-11D0-8D11-00A0C91BC942}") = "04-extern_C", "04-extern_C\04-extern_C\04-extern_C.vcxproj", "{892CBCCE-C5E7-4110-BFD3-28FF9D0ED2C7}"
EndProject
Project("{8BC9CEB8-8B4A-11D0-8D11-00A0C91BC942}") = "05-内联函数", "05-内联函数\05-内联函数\05-内联函数.vcxproj", "{AAFE72FD-4FB9-4D05-9C72-B219A23F104A}"
EndProject
Project("{8BC9CEB8-8B4A-11D0-8D11-00A0C91BC942}") = "06-const", "06-const\06-const\06-const.vcxproj", "{47E6B58B-B1BD-4822-97ED-9340D43D5C10}"
EndProject
Project("{8BC9CEB8-8B4A-11D0-8D11-00A0C91BC942}") = "07-引用", "07-引用\07-引用\07-引用.vcxproj", "{A4C863D9-D9EA-418F-8F34-ADCCFD30F0AF}"
EndProject
Project("{8BC9CEB8-8B4A-11D0-8D11-00A0C91BC942}") = "08-汇编", "08-汇编\08-汇编\08-汇编.vcxproj", "{ECBD4FAD-D8EC-4CDD-94D3-094D8958EBA8}"
EndProject
Project("{8BC9CEB8-8B4A-11D0-8D11-00A0C91BC942}") = "09-引用", "09-引用\09-引用\09-引用.vcxproj", "{E6A5E57F-F0AD-4A7B-BF36-5710602790C7}"
EndProject
Project("{8BC9CEB8-8B4A-11D0-8D11-00A0C91BC942}") = "10-类和对象", "10-类和对象\10-类和对象\10-类和对象.vcxproj", "{E9B451A4-2122-4F18-BB3F-BFF861DFED53}"
EndProject
Project("{8BC9CEB8-8B4A-11D0-8D11-00A0C91BC942}") = "11-对象", "11-对象\11-对象\11-对象.vcxproj", "{FC2CD0E0-C56B-42B7-B4E3-6DED33D21FFD}"
EndProject
Project("{8BC9CEB8-8B4A-11D0-8D11-00A0C91BC942}") = "12-this", "12-this\12-this\12-this.vcxproj", "{69019F8A-63BF-4290-A1E3-D389F0625E27}"
EndProject
Project("{8BC9CEB8-8B4A-11D0-8D11-00A0C91BC942}") = "13-封装", "13-封装\13-封装\13-封装.vcxproj", "{A224A6E0-9F20-409D-B965-202C15EE55AB}"
EndProject
Project("{8BC9CEB8-8B4A-11D0-8D11-00A0C91BC942}") = "14-内存空间", "14-内存空间\14-内存空间\14-内存空间.vcxproj", "{138A57C2-DE61-443B-A7AD-4F2483B34933}"
EndProject
Project("{8BC9CEB8-8B4A-11D0-8D11-00A0C91BC942}") = "15-构造函数", "15-构造函数\15-构造函数\15-构造函数.vcxproj", "{54B785D4-2F94-4879-BAC9-7D7240D7887B}"
EndProject
Project("{8BC9CEB8-8B4A-11D0-8D11-00A0C91BC942}") = "16-成员变量的初始化", "16-成员变量的初始化\16-成员变量的初始化\16-成员变量的初始化.vcxproj", "{69DBBE2D-655E-4B18-B1F4-81170910978B}"
EndProject
Project("{8BC9CEB8-8B4A-11D0-8D11-00A0C91BC942}") = "17-析构函数", "17-析构函数\17-析构函数\17-析构函数.vcxproj", "{57D563D3-EE8C-4F41-BED4-0A77F68618E3}"
EndProject
Project("{8BC9CEB8-8B4A-11D0-8D11-00A0C91BC942}") = "18-内存管理", "18-内存管理\18-内存管理\18-内存管理.vcxproj", "{60B693BA-C9CC-4BEC-B727-6233515BCFFB}"
EndProject
Project("{8BC9CEB8-8B4A-11D0-8D11-00A0C91BC942}") = "19-类的声明和实现分离", "19-类的声明和实现分离\19-类的声明和实现分离\19-类的声明和实现分离.vcxproj", "{5783E3D6-9280-41C1-B5E8-0A97B2391E2C}"
EndProject
Project("{8BC9CEB8-8B4A-11D0-8D11-00A0C91BC942}") = "20-命名空间", "20-命名空间\20-命名空间\20-命名空间.vcxproj", "{510CB65F-8D59-4375-BC87-6ED5F995C97C}"
EndProject
Project("{8BC9CEB8-8B4A-11D0-8D11-00A0C91BC942}") = "21-继承", "21-继承\21-继承\21-继承.vcxproj", "{BAEEE7C8-380A-4783-A3E3-2A571F8E118E}"
EndProject
Project("{8BC9CEB8-8B4A-11D0-8D11-00A0C91BC942}") = "22-成员访问权限", "22-成员访问权限\22-成员访问权限\22-成员访问权限.vcxproj", "{275E4940-670A-478D-A096-B1A824B3B282}"
EndProject
Project("{8BC9CEB8-8B4A-11D0-8D11-00A0C91BC942}") = "23-初始化列表", "23-初始化列表\23-初始化列表\23-初始化列表.vcxproj", "{4AB867E9-0CC8-4F9D-97FE-B4E8D70A503E}"
EndProject
Project("{8BC9CEB8-8B4A-11D0-8D11-00A0C91BC942}") = "24-构造函数的互相调用", "24-构造函数的互相调用\24-构造函数的互相调用\24-构造函数的互相调用.vcxproj", "{42065E5C-4A9D-4682-9307-0464C95146F6}"
EndProject
Project("{8BC9CEB8-8B4A-11D0-8D11-00A0C91BC942}") = "25-父类的构造函数", "25-父类的构造函数\25-父类的构造函数\25-父类的构造函数.vcxproj", "{068A2BE6-5DB1-49F3-9A91-50F1430B2793}"
EndProject
Project("{8BC9CEB8-8B4A-11D0-8D11-00A0C91BC942}") = "26-多态", "26-多态\26-多态\26-多态.vcxproj", "{314F8805-C331-42CB-BED6-DA91EA2D6A2D}"
EndProject
Project("{8BC9CEB8-8B4A-11D0-8D11-00A0C91BC942}") = "27-虚表", "27-虚表\27-虚表\27-虚表.vcxproj", "{801DA7F5-BE7B-4592-ABD9-907CAE38374B}"
EndProject
Project("{8BC9CEB8-8B4A-11D0-8D11-00A0C91BC942}") = "28-纯虚函数", "28-纯虚函数\28-纯虚函数\28-纯虚函数.vcxproj", "{274D4929-CF33-4C58-B038-923E0A681D4F}"
EndProject
Project("{8BC9CEB8-8B4A-11D0-8D11-00A0C91BC942}") = "29-多继承", "29-多继承\29-多继承\29-多继承.vcxproj", "{0B9D4CE4-55E1-4EBB-B954-B44656AE8F56}"
EndProject
Project("{8BC9CEB8-8B4A-11D0-8D11-00A0C91BC942}") = "30-菱形继承", "30-菱形继承\30-菱形继承\30-菱形继承.vcxproj", "{586E5E7B-74C6-48ED-BD3D-B2450FED1AC4}"
EndProject
Project("{8BC9CEB8-8B4A-11D0-8D11-00A0C91BC942}") = "31-多继承的应用", "31-多继承的应用\31-多继承的应用\31-多继承的应用.vcxproj", "{E656DE86-85B8-4CA7-8C19-787603066CB0}"
EndProject
Project("{8BC9CEB8-8B4A-11D0-8D11-00A0C91BC942}") = "32-static成员", "32-static成员\32-static成员\32-static成员.vcxproj", "{93C80673-8858-4486-9F3E-3081DAD412D5}"
EndProject
Project("{8BC9CEB8-8B4A-11D0-8D11-00A0C91BC942}") = "33-单例模式", "33-单例模式\33-单例模式\33-单例模式.vcxproj", "{6EE82688-E1C8-4198-9403-FFA2AF2C430A}"
EndProject
Project("{8BC9CEB8-8B4A-11D0-8D11-00A0C91BC942}") = "34-const成员", "34-const成员\34-const成员\34-const成员.vcxproj", "{5D8C074D-35DA-4E8F-9CE7-BBA39FB070FF}"
EndProject
Project("{8BC9CEB8-8B4A-11D0-8D11-00A0C91BC942}") = "35-拷贝构造", "35-拷贝构造\35-拷贝构造\35-拷贝构造.vcxproj", "{CCA86161-CFEE-48B9-B3BA-AE69F2BBDD7F}"
EndProject
Project("{8BC9CEB8-8B4A-11D0-8D11-00A0C91BC942}") = "36-深拷贝", "36-深拷贝\36-深拷贝\36-深拷贝.vcxproj", "{2FD6BE55-EC3C-43E0-8DA8-7F61B2B638F9}"
EndProject
Project("{8BC9CEB8-8B4A-11D0-8D11-00A0C91BC942}") = "37-对象类型的参数和返回值", "37-对象类型的参数和返回值\37-对象类型的参数和返回值\37-对象类型的参数和返回值.vcxproj", "{36614F43-56AF-473B-B765-177E90887419}"
EndProject
Project("{8BC9CEB8-8B4A-11D0-8D11-00A0C91BC942}") = "38-隐式构造", "38-隐式构造\38-隐式构造\38-隐式构造.vcxproj", "{CF93A2B9-CC8A-4E62-B57D-F31C0E71DB90}"
EndProject
Project("{8BC9CEB8-8B4A-11D0-8D11-00A0C91BC942}") = "39-编译器生成的构造函数", "39-编译器生成的构造函数\39-编译器生成的构造函数\39-编译器生成的构造函数.vcxproj", "{B5A9F0C1-2977-4972-94E3-BC3FC73B0B3E}"
EndProject
Project("{8BC9CEB8-8B4A-11D0-8D11-00A0C91BC942}") = "40-友元", "40-友元\40-友元\40-友元.vcxproj", "{87830A98-2309-4A6E-B779-971FFD00A6D8}"
EndProject
Project("{8BC9CEB8-8B4A-11D0-8D11-00A0C91BC942}") = "41-内部类", "41-内部类\41-内部类\41-内部类.vcxproj", "{8C2DBEA0-85C4-46BF-AF11-2F58D7B80029}"
EndProject
Project("{8BC9CEB8-8B4A-11D0-8D11-00A0C91BC942}") = "42-局部类", "42-局部类\42-局部类\42-局部类.vcxproj", "{250F042A-414D-4DFC-8EA4-8B1B0507578E}"
EndProject
Project("{8BC9CEB8-8B4A-11D0-8D11-00A0C91BC942}") = "43-运算符重载-Point", "43-运算符重载-Point\43-运算符重载-Point\43-运算符重载-Point.vcxproj", "{B6190270-4E27-4DA2-8D92-12E4D113187A}"
EndProject
Project("{8BC9CEB8-8B4A-11D0-8D11-00A0C91BC942}") = "44-赋值运算符注意", "44-赋值运算符注意\44-赋值运算符注意\44-赋值运算符注意.vcxproj", "{443AD1F8-8B85-4F74-AF90-1B24ED4793A9}"
EndProject
Project("{8BC9CEB8-8B4A-11D0-8D11-00A0C91BC942}") = "45-仿函数", "45-仿函数\45-仿函数\45-仿函数.vcxproj", "{BB212FE4-E664-42A2-B48C-3C65346331B2}"
EndProject
Project("{8BC9CEB8-8B4A-11D0-8D11-00A0C91BC942}") = "46-模板", "46-模板\46-模板\46-模板.vcxproj", "{C5305879-7238-420C-8CD3-7CBEBC4F9293}"
EndProject
Project("{8BC9CEB8-8B4A-11D0-8D11-00A0C91BC942}") = "47-类模板", "47-类模板\47-类模板\47-类模板.vcxproj", "{6D2BDB05-A1AF-4604-BB15-60E2305D4B4B}"
EndProject
Project("{8BC9CEB8-8B4A-11D0-8D11-00A0C91BC942}") = "48-类型转换", "48-类型转换\48-类型转换\48-类型转换.vcxproj", "{454576F6-0290-4F43-A204-9E3F4445FE30}"
EndProject
Project("{8BC9CEB8-8B4A-11D0-8D11-00A0C91BC942}") = "49-新特性", "49-新特性\49-新特性\49-新特性.vcxproj", "{FCE9DD4A-F0FD-46C8-9E20-D5A991AF235E}"
EndProject
Project("{8BC9CEB8-8B4A-11D0-8D11-00A0C91BC942}") = "50-异常", "50-异常\50-异常\50-异常.vcxproj", "{64703C82-77FB-4119-A1E0-2E16F346205C}"
EndProject
Project("{8BC9CEB8-8B4A-11D0-8D11-00A0C91BC942}") = "51-智能指针", "51-智能指针\51-智能指针\51-智能指针.vcxproj", "{471631D7-97DA-4085-91E5-2880D6077CBB}"
EndProject
Global
	GlobalSection(SolutionConfigurationPlatforms) = preSolution
		Debug|x64 = Debug|x64
		Debug|x86 = Debug|x86
		Release|x64 = Release|x64
		Release|x86 = Release|x86
	EndGlobalSection
	GlobalSection(ProjectConfigurationPlatforms) = postSolution
		{2BA25D3F-2723-4894-A36B-53480B467FE2}.Debug|x64.ActiveCfg = Debug|x64
		{2BA25D3F-2723-4894-A36B-53480B467FE2}.Debug|x64.Build.0 = Debug|x64
		{2BA25D3F-2723-4894-A36B-53480B467FE2}.Debug|x86.ActiveCfg = Debug|Win32
		{2BA25D3F-2723-4894-A36B-53480B467FE2}.Debug|x86.Build.0 = Debug|Win32
		{2BA25D3F-2723-4894-A36B-53480B467FE2}.Release|x64.ActiveCfg = Release|x64
		{2BA25D3F-2723-4894-A36B-53480B467FE2}.Release|x64.Build.0 = Release|x64
		{2BA25D3F-2723-4894-A36B-53480B467FE2}.Release|x86.ActiveCfg = Release|Win32
		{2BA25D3F-2723-4894-A36B-53480B467FE2}.Release|x86.Build.0 = Release|Win32
		{D4A60524-AA54-4CF4-AF7F-28DED54864F3}.Debug|x64.ActiveCfg = Debug|x64
		{D4A60524-AA54-4CF4-AF7F-28DED54864F3}.Debug|x64.Build.0 = Debug|x64
		{D4A60524-AA54-4CF4-AF7F-28DED54864F3}.Debug|x86.ActiveCfg = Debug|Win32
		{D4A60524-AA54-4CF4-AF7F-28DED54864F3}.Debug|x86.Build.0 = Debug|Win32
		{D4A60524-AA54-4CF4-AF7F-28DED54864F3}.Release|x64.ActiveCfg = Release|x64
		{D4A60524-AA54-4CF4-AF7F-28DED54864F3}.Release|x64.Build.0 = Release|x64
		{D4A60524-AA54-4CF4-AF7F-28DED54864F3}.Release|x86.ActiveCfg = Release|Win32
		{D4A60524-AA54-4CF4-AF7F-28DED54864F3}.Release|x86.Build.0 = Release|Win32
		{AD72C5B4-378E-4126-9EE2-4CF13B9D3C49}.Debug|x64.ActiveCfg = Debug|x64
		{AD72C5B4-378E-4126-9EE2-4CF13B9D3C49}.Debug|x64.Build.0 = Debug|x64
		{AD72C5B4-378E-4126-9EE2-4CF13B9D3C49}.Debug|x86.ActiveCfg = Debug|Win32
		{AD72C5B4-378E-4126-9EE2-4CF13B9D3C49}.Debug|x86.Build.0 = Debug|Win32
		{AD72C5B4-378E-4126-9EE2-4CF13B9D3C49}.Release|x64.ActiveCfg = Release|x64
		{AD72C5B4-378E-4126-9EE2-4CF13B9D3C49}.Release|x64.Build.0 = Release|x64
		{AD72C5B4-378E-4126-9EE2-4CF13B9D3C49}.Release|x86.ActiveCfg = Release|Win32
		{AD72C5B4-378E-4126-9EE2-4CF13B9D3C49}.Release|x86.Build.0 = Release|Win32
		{892CBCCE-C5E7-4110-BFD3-28FF9D0ED2C7}.Debug|x64.ActiveCfg = Debug|x64
		{892CBCCE-C5E7-4110-BFD3-28FF9D0ED2C7}.Debug|x64.Build.0 = Debug|x64
		{892CBCCE-C5E7-4110-BFD3-28FF9D0ED2C7}.Debug|x86.ActiveCfg = Debug|Win32
		{892CBCCE-C5E7-4110-BFD3-28FF9D0ED2C7}.Debug|x86.Build.0 = Debug|Win32
		{892CBCCE-C5E7-4110-BFD3-28FF9D0ED2C7}.Release|x64.ActiveCfg = Release|x64
		{892CBCCE-C5E7-4110-BFD3-28FF9D0ED2C7}.Release|x64.Build.0 = Release|x64
		{892CBCCE-C5E7-4110-BFD3-28FF9D0ED2C7}.Release|x86.ActiveCfg = Release|Win32
		{892CBCCE-C5E7-4110-BFD3-28FF9D0ED2C7}.Release|x86.Build.0 = Release|Win32
		{AAFE72FD-4FB9-4D05-9C72-B219A23F104A}.Debug|x64.ActiveCfg = Debug|x64
		{AAFE72FD-4FB9-4D05-9C72-B219A23F104A}.Debug|x64.Build.0 = Debug|x64
		{AAFE72FD-4FB9-4D05-9C72-B219A23F104A}.Debug|x86.ActiveCfg = Debug|Win32
		{AAFE72FD-4FB9-4D05-9C72-B219A23F104A}.Debug|x86.Build.0 = Debug|Win32
		{AAFE72FD-4FB9-4D05-9C72-B219A23F104A}.Release|x64.ActiveCfg = Release|x64
		{AAFE72FD-4FB9-4D05-9C72-B219A23F104A}.Release|x64.Build.0 = Release|x64
		{AAFE72FD-4FB9-4D05-9C72-B219A23F104A}.Release|x86.ActiveCfg = Release|Win32
		{AAFE72FD-4FB9-4D05-9C72-B219A23F104A}.Release|x86.Build.0 = Release|Win32
		{47E6B58B-B1BD-4822-97ED-9340D43D5C10}.Debug|x64.ActiveCfg = Debug|x64
		{47E6B58B-B1BD-4822-97ED-9340D43D5C10}.Debug|x64.Build.0 = Debug|x64
		{47E6B58B-B1BD-4822-97ED-9340D43D5C10}.Debug|x86.ActiveCfg = Debug|Win32
		{47E6B58B-B1BD-4822-97ED-9340D43D5C10}.Debug|x86.Build.0 = Debug|Win32
		{47E6B58B-B1BD-4822-97ED-9340D43D5C10}.Release|x64.ActiveCfg = Release|x64
		{47E6B58B-B1BD-4822-97ED-9340D43D5C10}.Release|x64.Build.0 = Release|x64
		{47E6B58B-B1BD-4822-97ED-9340D43D5C10}.Release|x86.ActiveCfg = Release|Win32
		{47E6B58B-B1BD-4822-97ED-9340D43D5C10}.Release|x86.Build.0 = Release|Win32
		{A4C863D9-D9EA-418F-8F34-ADCCFD30F0AF}.Debug|x64.ActiveCfg = Debug|x64
		{A4C863D9-D9EA-418F-8F34-ADCCFD30F0AF}.Debug|x64.Build.0 = Debug|x64
		{A4C863D9-D9EA-418F-8F34-ADCCFD30F0AF}.Debug|x86.ActiveCfg = Debug|Win32
		{A4C863D9-D9EA-418F-8F34-ADCCFD30F0AF}.Debug|x86.Build.0 = Debug|Win32
		{A4C863D9-D9EA-418F-8F34-ADCCFD30F0AF}.Release|x64.ActiveCfg = Release|x64
		{A4C863D9-D9EA-418F-8F34-ADCCFD30F0AF}.Release|x64.Build.0 = Release|x64
		{A4C863D9-D9EA-418F-8F34-ADCCFD30F0AF}.Release|x86.ActiveCfg = Release|Win32
		{A4C863D9-D9EA-418F-8F34-ADCCFD30F0AF}.Release|x86.Build.0 = Release|Win32
		{ECBD4FAD-D8EC-4CDD-94D3-094D8958EBA8}.Debug|x64.ActiveCfg = Debug|x64
		{ECBD4FAD-D8EC-4CDD-94D3-094D8958EBA8}.Debug|x64.Build.0 = Debug|x64
		{ECBD4FAD-D8EC-4CDD-94D3-094D8958EBA8}.Debug|x86.ActiveCfg = Debug|Win32
		{ECBD4FAD-D8EC-4CDD-94D3-094D8958EBA8}.Debug|x86.Build.0 = Debug|Win32
		{ECBD4FAD-D8EC-4CDD-94D3-094D8958EBA8}.Release|x64.ActiveCfg = Release|x64
		{ECBD4FAD-D8EC-4CDD-94D3-094D8958EBA8}.Release|x64.Build.0 = Release|x64
		{ECBD4FAD-D8EC-4CDD-94D3-094D8958EBA8}.Release|x86.ActiveCfg = Release|Win32
		{ECBD4FAD-D8EC-4CDD-94D3-094D8958EBA8}.Release|x86.Build.0 = Release|Win32
		{E6A5E57F-F0AD-4A7B-BF36-5710602790C7}.Debug|x64.ActiveCfg = Debug|x64
		{E6A5E57F-F0AD-4A7B-BF36-5710602790C7}.Debug|x64.Build.0 = Debug|x64
		{E6A5E57F-F0AD-4A7B-BF36-5710602790C7}.Debug|x86.ActiveCfg = Debug|Win32
		{E6A5E57F-F0AD-4A7B-BF36-5710602790C7}.Debug|x86.Build.0 = Debug|Win32
		{E6A5E57F-F0AD-4A7B-BF36-5710602790C7}.Release|x64.ActiveCfg = Release|x64
		{E6A5E57F-F0AD-4A7B-BF36-5710602790C7}.Release|x64.Build.0 = Release|x64
		{E6A5E57F-F0AD-4A7B-BF36-5710602790C7}.Release|x86.ActiveCfg = Release|Win32
		{E6A5E57F-F0AD-4A7B-BF36-5710602790C7}.Release|x86.Build.0 = Release|Win32
		{E9B451A4-2122-4F18-BB3F-BFF861DFED53}.Debug|x64.ActiveCfg = Debug|x64
		{E9B451A4-2122-4F18-BB3F-BFF861DFED53}.Debug|x64.Build.0 = Debug|x64
		{E9B451A4-2122-4F18-BB3F-BFF861DFED53}.Debug|x86.ActiveCfg = Debug|Win32
		{E9B451A4-2122-4F18-BB3F-BFF861DFED53}.Debug|x86.Build.0 = Debug|Win32
		{E9B451A4-2122-4F18-BB3F-BFF861DFED53}.Release|x64.ActiveCfg = Release|x64
		{E9B451A4-2122-4F18-BB3F-BFF861DFED53}.Release|x64.Build.0 = Release|x64
		{E9B451A4-2122-4F18-BB3F-BFF861DFED53}.Release|x86.ActiveCfg = Release|Win32
		{E9B451A4-2122-4F18-BB3F-BFF861DFED53}.Release|x86.Build.0 = Release|Win32
		{FC2CD0E0-C56B-42B7-B4E3-6DED33D21FFD}.Debug|x64.ActiveCfg = Debug|x64
		{FC2CD0E0-C56B-42B7-B4E3-6DED33D21FFD}.Debug|x64.Build.0 = Debug|x64
		{FC2CD0E0-C56B-42B7-B4E3-6DED33D21FFD}.Debug|x86.ActiveCfg = Debug|Win32
		{FC2CD0E0-C56B-42B7-B4E3-6DED33D21FFD}.Debug|x86.Build.0 = Debug|Win32
		{FC2CD0E0-C56B-42B7-B4E3-6DED33D21FFD}.Release|x64.ActiveCfg = Release|x64
		{FC2CD0E0-C56B-42B7-B4E3-6DED33D21FFD}.Release|x64.Build.0 = Release|x64
		{FC2CD0E0-C56B-42B7-B4E3-6DED33D21FFD}.Release|x86.ActiveCfg = Release|Win32
		{FC2CD0E0-C56B-42B7-B4E3-6DED33D21FFD}.Release|x86.Build.0 = Release|Win32
		{69019F8A-63BF-4290-A1E3-D389F0625E27}.Debug|x64.ActiveCfg = Debug|x64
		{69019F8A-63BF-4290-A1E3-D389F0625E27}.Debug|x64.Build.0 = Debug|x64
		{69019F8A-63BF-4290-A1E3-D389F0625E27}.Debug|x86.ActiveCfg = Debug|Win32
		{69019F8A-63BF-4290-A1E3-D389F0625E27}.Debug|x86.Build.0 = Debug|Win32
		{69019F8A-63BF-4290-A1E3-D389F0625E27}.Release|x64.ActiveCfg = Release|x64
		{69019F8A-63BF-4290-A1E3-D389F0625E27}.Release|x64.Build.0 = Release|x64
		{69019F8A-63BF-4290-A1E3-D389F0625E27}.Release|x86.ActiveCfg = Release|Win32
		{69019F8A-63BF-4290-A1E3-D389F0625E27}.Release|x86.Build.0 = Release|Win32
		{A224A6E0-9F20-409D-B965-202C15EE55AB}.Debug|x64.ActiveCfg = Debug|x64
		{A224A6E0-9F20-409D-B965-202C15EE55AB}.Debug|x64.Build.0 = Debug|x64
		{A224A6E0-9F20-409D-B965-202C15EE55AB}.Debug|x86.ActiveCfg = Debug|Win32
		{A224A6E0-9F20-409D-B965-202C15EE55AB}.Debug|x86.Build.0 = Debug|Win32
		{A224A6E0-9F20-409D-B965-202C15EE55AB}.Release|x64.ActiveCfg = Release|x64
		{A224A6E0-9F20-409D-B965-202C15EE55AB}.Release|x64.Build.0 = Release|x64
		{A224A6E0-9F20-409D-B965-202C15EE55AB}.Release|x86.ActiveCfg = Release|Win32
		{A224A6E0-9F20-409D-B965-202C15EE55AB}.Release|x86.Build.0 = Release|Win32
		{138A57C2-DE61-443B-A7AD-4F2483B34933}.Debug|x64.ActiveCfg = Debug|x64
		{138A57C2-DE61-443B-A7AD-4F2483B34933}.Debug|x64.Build.0 = Debug|x64
		{138A57C2-DE61-443B-A7AD-4F2483B34933}.Debug|x86.ActiveCfg = Debug|Win32
		{138A57C2-DE61-443B-A7AD-4F2483B34933}.Debug|x86.Build.0 = Debug|Win32
		{138A57C2-DE61-443B-A7AD-4F2483B34933}.Release|x64.ActiveCfg = Release|x64
		{138A57C2-DE61-443B-A7AD-4F2483B34933}.Release|x64.Build.0 = Release|x64
		{138A57C2-DE61-443B-A7AD-4F2483B34933}.Release|x86.ActiveCfg = Release|Win32
		{138A57C2-DE61-443B-A7AD-4F2483B34933}.Release|x86.Build.0 = Release|Win32
		{54B785D4-2F94-4879-BAC9-7D7240D7887B}.Debug|x64.ActiveCfg = Debug|x64
		{54B785D4-2F94-4879-BAC9-7D7240D7887B}.Debug|x64.Build.0 = Debug|x64
		{54B785D4-2F94-4879-BAC9-7D7240D7887B}.Debug|x86.ActiveCfg = Debug|Win32
		{54B785D4-2F94-4879-BAC9-7D7240D7887B}.Debug|x86.Build.0 = Debug|Win32
		{54B785D4-2F94-4879-BAC9-7D7240D7887B}.Release|x64.ActiveCfg = Release|x64
		{54B785D4-2F94-4879-BAC9-7D7240D7887B}.Release|x64.Build.0 = Release|x64
		{54B785D4-2F94-4879-BAC9-7D7240D7887B}.Release|x86.ActiveCfg = Release|Win32
		{54B785D4-2F94-4879-BAC9-7D7240D7887B}.Release|x86.Build.0 = Release|Win32
		{69DBBE2D-655E-4B18-B1F4-81170910978B}.Debug|x64.ActiveCfg = Debug|x64
		{69DBBE2D-655E-4B18-B1F4-81170910978B}.Debug|x64.Build.0 = Debug|x64
		{69DBBE2D-655E-4B18-B1F4-81170910978B}.Debug|x86.ActiveCfg = Debug|Win32
		{69DBBE2D-655E-4B18-B1F4-81170910978B}.Debug|x86.Build.0 = Debug|Win32
		{69DBBE2D-655E-4B18-B1F4-81170910978B}.Release|x64.ActiveCfg = Release|x64
		{69DBBE2D-655E-4B18-B1F4-81170910978B}.Release|x64.Build.0 = Release|x64
		{69DBBE2D-655E-4B18-B1F4-81170910978B}.Release|x86.ActiveCfg = Release|Win32
		{69DBBE2D-655E-4B18-B1F4-81170910978B}.Release|x86.Build.0 = Release|Win32
		{57D563D3-EE8C-4F41-BED4-0A77F68618E3}.Debug|x64.ActiveCfg = Debug|x64
		{57D563D3-EE8C-4F41-BED4-0A77F68618E3}.Debug|x64.Build.0 = Debug|x64
		{57D563D3-EE8C-4F41-BED4-0A77F68618E3}.Debug|x86.ActiveCfg = Debug|Win32
		{57D563D3-EE8C-4F41-BED4-0A77F68618E3}.Debug|x86.Build.0 = Debug|Win32
		{57D563D3-EE8C-4F41-BED4-0A77F68618E3}.Release|x64.ActiveCfg = Release|x64
		{57D563D3-EE8C-4F41-BED4-0A77F68618E3}.Release|x64.Build.0 = Release|x64
		{57D563D3-EE8C-4F41-BED4-0A77F68618E3}.Release|x86.ActiveCfg = Release|Win32
		{57D563D3-EE8C-4F41-BED4-0A77F68618E3}.Release|x86.Build.0 = Release|Win32
		{60B693BA-C9CC-4BEC-B727-6233515BCFFB}.Debug|x64.ActiveCfg = Debug|x64
		{60B693BA-C9CC-4BEC-B727-6233515BCFFB}.Debug|x64.Build.0 = Debug|x64
		{60B693BA-C9CC-4BEC-B727-6233515BCFFB}.Debug|x86.ActiveCfg = Debug|Win32
		{60B693BA-C9CC-4BEC-B727-6233515BCFFB}.Debug|x86.Build.0 = Debug|Win32
		{60B693BA-C9CC-4BEC-B727-6233515BCFFB}.Release|x64.ActiveCfg = Release|x64
		{60B693BA-C9CC-4BEC-B727-6233515BCFFB}.Release|x64.Build.0 = Release|x64
		{60B693BA-C9CC-4BEC-B727-6233515BCFFB}.Release|x86.ActiveCfg = Release|Win32
		{60B693BA-C9CC-4BEC-B727-6233515BCFFB}.Release|x86.Build.0 = Release|Win32
		{5783E3D6-9280-41C1-B5E8-0A97B2391E2C}.Debug|x64.ActiveCfg = Debug|x64
		{5783E3D6-9280-41C1-B5E8-0A97B2391E2C}.Debug|x64.Build.0 = Debug|x64
		{5783E3D6-9280-41C1-B5E8-0A97B2391E2C}.Debug|x86.ActiveCfg = Debug|Win32
		{5783E3D6-9280-41C1-B5E8-0A97B2391E2C}.Debug|x86.Build.0 = Debug|Win32
		{5783E3D6-9280-41C1-B5E8-0A97B2391E2C}.Release|x64.ActiveCfg = Release|x64
		{5783E3D6-9280-41C1-B5E8-0A97B2391E2C}.Release|x64.Build.0 = Release|x64
		{5783E3D6-9280-41C1-B5E8-0A97B2391E2C}.Release|x86.ActiveCfg = Release|Win32
		{5783E3D6-9280-41C1-B5E8-0A97B2391E2C}.Release|x86.Build.0 = Release|Win32
		{510CB65F-8D59-4375-BC87-6ED5F995C97C}.Debug|x64.ActiveCfg = Debug|x64
		{510CB65F-8D59-4375-BC87-6ED5F995C97C}.Debug|x64.Build.0 = Debug|x64
		{510CB65F-8D59-4375-BC87-6ED5F995C97C}.Debug|x86.ActiveCfg = Debug|Win32
		{510CB65F-8D59-4375-BC87-6ED5F995C97C}.Debug|x86.Build.0 = Debug|Win32
		{510CB65F-8D59-4375-BC87-6ED5F995C97C}.Release|x64.ActiveCfg = Release|x64
		{510CB65F-8D59-4375-BC87-6ED5F995C97C}.Release|x64.Build.0 = Release|x64
		{510CB65F-8D59-4375-BC87-6ED5F995C97C}.Release|x86.ActiveCfg = Release|Win32
		{510CB65F-8D59-4375-BC87-6ED5F995C97C}.Release|x86.Build.0 = Release|Win32
		{BAEEE7C8-380A-4783-A3E3-2A571F8E118E}.Debug|x64.ActiveCfg = Debug|x64
		{BAEEE7C8-380A-4783-A3E3-2A571F8E118E}.Debug|x64.Build.0 = Debug|x64
		{BAEEE7C8-380A-4783-A3E3-2A571F8E118E}.Debug|x86.ActiveCfg = Debug|Win32
		{BAEEE7C8-380A-4783-A3E3-2A571F8E118E}.Debug|x86.Build.0 = Debug|Win32
		{BAEEE7C8-380A-4783-A3E3-2A571F8E118E}.Release|x64.ActiveCfg = Release|x64
		{BAEEE7C8-380A-4783-A3E3-2A571F8E118E}.Release|x64.Build.0 = Release|x64
		{BAEEE7C8-380A-4783-A3E3-2A571F8E118E}.Release|x86.ActiveCfg = Release|Win32
		{BAEEE7C8-380A-4783-A3E3-2A571F8E118E}.Release|x86.Build.0 = Release|Win32
		{275E4940-670A-478D-A096-B1A824B3B282}.Debug|x64.ActiveCfg = Debug|x64
		{275E4940-670A-478D-A096-B1A824B3B282}.Debug|x64.Build.0 = Debug|x64
		{275E4940-670A-478D-A096-B1A824B3B282}.Debug|x86.ActiveCfg = Debug|Win32
		{275E4940-670A-478D-A096-B1A824B3B282}.Debug|x86.Build.0 = Debug|Win32
		{275E4940-670A-478D-A096-B1A824B3B282}.Release|x64.ActiveCfg = Release|x64
		{275E4940-670A-478D-A096-B1A824B3B282}.Release|x64.Build.0 = Release|x64
		{275E4940-670A-478D-A096-B1A824B3B282}.Release|x86.ActiveCfg = Release|Win32
		{275E4940-670A-478D-A096-B1A824B3B282}.Release|x86.Build.0 = Release|Win32
		{4AB867E9-0CC8-4F9D-97FE-B4E8D70A503E}.Debug|x64.ActiveCfg = Debug|x64
		{4AB867E9-0CC8-4F9D-97FE-B4E8D70A503E}.Debug|x64.Build.0 = Debug|x64
		{4AB867E9-0CC8-4F9D-97FE-B4E8D70A503E}.Debug|x86.ActiveCfg = Debug|Win32
		{4AB867E9-0CC8-4F9D-97FE-B4E8D70A503E}.Debug|x86.Build.0 = Debug|Win32
		{4AB867E9-0CC8-4F9D-97FE-B4E8D70A503E}.Release|x64.ActiveCfg = Release|x64
		{4AB867E9-0CC8-4F9D-97FE-B4E8D70A503E}.Release|x64.Build.0 = Release|x64
		{4AB867E9-0CC8-4F9D-97FE-B4E8D70A503E}.Release|x86.ActiveCfg = Release|Win32
		{4AB867E9-0CC8-4F9D-97FE-B4E8D70A503E}.Release|x86.Build.0 = Release|Win32
		{42065E5C-4A9D-4682-9307-0464C95146F6}.Debug|x64.ActiveCfg = Debug|x64
		{42065E5C-4A9D-4682-9307-0464C95146F6}.Debug|x64.Build.0 = Debug|x64
		{42065E5C-4A9D-4682-9307-0464C95146F6}.Debug|x86.ActiveCfg = Debug|Win32
		{42065E5C-4A9D-4682-9307-0464C95146F6}.Debug|x86.Build.0 = Debug|Win32
		{42065E5C-4A9D-4682-9307-0464C95146F6}.Release|x64.ActiveCfg = Release|x64
		{42065E5C-4A9D-4682-9307-0464C95146F6}.Release|x64.Build.0 = Release|x64
		{42065E5C-4A9D-4682-9307-0464C95146F6}.Release|x86.ActiveCfg = Release|Win32
		{42065E5C-4A9D-4682-9307-0464C95146F6}.Release|x86.Build.0 = Release|Win32
		{068A2BE6-5DB1-49F3-9A91-50F1430B2793}.Debug|x64.ActiveCfg = Debug|x64
		{068A2BE6-5DB1-49F3-9A91-50F1430B2793}.Debug|x64.Build.0 = Debug|x64
		{068A2BE6-5DB1-49F3-9A91-50F1430B2793}.Debug|x86.ActiveCfg = Debug|Win32
		{068A2BE6-5DB1-49F3-9A91-50F1430B2793}.Debug|x86.Build.0 = Debug|Win32
		{068A2BE6-5DB1-49F3-9A91-50F1430B2793}.Release|x64.ActiveCfg = Release|x64
		{068A2BE6-5DB1-49F3-9A91-50F1430B2793}.Release|x64.Build.0 = Release|x64
		{068A2BE6-5DB1-49F3-9A91-50F1430B2793}.Release|x86.ActiveCfg = Release|Win32
		{068A2BE6-5DB1-49F3-9A91-50F1430B2793}.Release|x86.Build.0 = Release|Win32
		{314F8805-C331-42CB-BED6-DA91EA2D6A2D}.Debug|x64.ActiveCfg = Debug|x64
		{314F8805-C331-42CB-BED6-DA91EA2D6A2D}.Debug|x64.Build.0 = Debug|x64
		{314F8805-C331-42CB-BED6-DA91EA2D6A2D}.Debug|x86.ActiveCfg = Debug|Win32
		{314F8805-C331-42CB-BED6-DA91EA2D6A2D}.Debug|x86.Build.0 = Debug|Win32
		{314F8805-C331-42CB-BED6-DA91EA2D6A2D}.Release|x64.ActiveCfg = Release|x64
		{314F8805-C331-42CB-BED6-DA91EA2D6A2D}.Release|x64.Build.0 = Release|x64
		{314F8805-C331-42CB-BED6-DA91EA2D6A2D}.Release|x86.ActiveCfg = Release|Win32
		{314F8805-C331-42CB-BED6-DA91EA2D6A2D}.Release|x86.Build.0 = Release|Win32
		{801DA7F5-BE7B-4592-ABD9-907CAE38374B}.Debug|x64.ActiveCfg = Debug|x64
		{801DA7F5-BE7B-4592-ABD9-907CAE38374B}.Debug|x64.Build.0 = Debug|x64
		{801DA7F5-BE7B-4592-ABD9-907CAE38374B}.Debug|x86.ActiveCfg = Debug|Win32
		{801DA7F5-BE7B-4592-ABD9-907CAE38374B}.Debug|x86.Build.0 = Debug|Win32
		{801DA7F5-BE7B-4592-ABD9-907CAE38374B}.Release|x64.ActiveCfg = Release|x64
		{801DA7F5-BE7B-4592-ABD9-907CAE38374B}.Release|x64.Build.0 = Release|x64
		{801DA7F5-BE7B-4592-ABD9-907CAE38374B}.Release|x86.ActiveCfg = Release|Win32
		{801DA7F5-BE7B-4592-ABD9-907CAE38374B}.Release|x86.Build.0 = Release|Win32
		{274D4929-CF33-4C58-B038-923E0A681D4F}.Debug|x64.ActiveCfg = Debug|x64
		{274D4929-CF33-4C58-B038-923E0A681D4F}.Debug|x64.Build.0 = Debug|x64
		{274D4929-CF33-4C58-B038-923E0A681D4F}.Debug|x86.ActiveCfg = Debug|Win32
		{274D4929-CF33-4C58-B038-923E0A681D4F}.Debug|x86.Build.0 = Debug|Win32
		{274D4929-CF33-4C58-B038-923E0A681D4F}.Release|x64.ActiveCfg = Release|x64
		{274D4929-CF33-4C58-B038-923E0A681D4F}.Release|x64.Build.0 = Release|x64
		{274D4929-CF33-4C58-B038-923E0A681D4F}.Release|x86.ActiveCfg = Release|Win32
		{274D4929-CF33-4C58-B038-923E0A681D4F}.Release|x86.Build.0 = Release|Win32
		{0B9D4CE4-55E1-4EBB-B954-B44656AE8F56}.Debug|x64.ActiveCfg = Debug|x64
		{0B9D4CE4-55E1-4EBB-B954-B44656AE8F56}.Debug|x64.Build.0 = Debug|x64
		{0B9D4CE4-55E1-4EBB-B954-B44656AE8F56}.Debug|x86.ActiveCfg = Debug|Win32
		{0B9D4CE4-55E1-4EBB-B954-B44656AE8F56}.Debug|x86.Build.0 = Debug|Win32
		{0B9D4CE4-55E1-4EBB-B954-B44656AE8F56}.Release|x64.ActiveCfg = Release|x64
		{0B9D4CE4-55E1-4EBB-B954-B44656AE8F56}.Release|x64.Build.0 = Release|x64
		{0B9D4CE4-55E1-4EBB-B954-B44656AE8F56}.Release|x86.ActiveCfg = Release|Win32
		{0B9D4CE4-55E1-4EBB-B954-B44656AE8F56}.Release|x86.Build.0 = Release|Win32
		{586E5E7B-74C6-48ED-BD3D-B2450FED1AC4}.Debug|x64.ActiveCfg = Debug|x64
		{586E5E7B-74C6-48ED-BD3D-B2450FED1AC4}.Debug|x64.Build.0 = Debug|x64
		{586E5E7B-74C6-48ED-BD3D-B2450FED1AC4}.Debug|x86.ActiveCfg = Debug|Win32
		{586E5E7B-74C6-48ED-BD3D-B2450FED1AC4}.Debug|x86.Build.0 = Debug|Win32
		{586E5E7B-74C6-48ED-BD3D-B2450FED1AC4}.Release|x64.ActiveCfg = Release|x64
		{586E5E7B-74C6-48ED-BD3D-B2450FED1AC4}.Release|x64.Build.0 = Release|x64
		{586E5E7B-74C6-48ED-BD3D-B2450FED1AC4}.Release|x86.ActiveCfg = Release|Win32
		{586E5E7B-74C6-48ED-BD3D-B2450FED1AC4}.Release|x86.Build.0 = Release|Win32
		{E656DE86-85B8-4CA7-8C19-787603066CB0}.Debug|x64.ActiveCfg = Debug|x64
		{E656DE86-85B8-4CA7-8C19-787603066CB0}.Debug|x64.Build.0 = Debug|x64
		{E656DE86-85B8-4CA7-8C19-787603066CB0}.Debug|x86.ActiveCfg = Debug|Win32
		{E656DE86-85B8-4CA7-8C19-787603066CB0}.Debug|x86.Build.0 = Debug|Win32
		{E656DE86-85B8-4CA7-8C19-787603066CB0}.Release|x64.ActiveCfg = Release|x64
		{E656DE86-85B8-4CA7-8C19-787603066CB0}.Release|x64.Build.0 = Release|x64
		{E656DE86-85B8-4CA7-8C19-787603066CB0}.Release|x86.ActiveCfg = Release|Win32
		{E656DE86-85B8-4CA7-8C19-787603066CB0}.Release|x86.Build.0 = Release|Win32
		{93C80673-8858-4486-9F3E-3081DAD412D5}.Debug|x64.ActiveCfg = Debug|x64
		{93C80673-8858-4486-9F3E-3081DAD412D5}.Debug|x64.Build.0 = Debug|x64
		{93C80673-8858-4486-9F3E-3081DAD412D5}.Debug|x86.ActiveCfg = Debug|Win32
		{93C80673-8858-4486-9F3E-3081DAD412D5}.Debug|x86.Build.0 = Debug|Win32
		{93C80673-8858-4486-9F3E-3081DAD412D5}.Release|x64.ActiveCfg = Release|x64
		{93C80673-8858-4486-9F3E-3081DAD412D5}.Release|x64.Build.0 = Release|x64
		{93C80673-8858-4486-9F3E-3081DAD412D5}.Release|x86.ActiveCfg = Release|Win32
		{93C80673-8858-4486-9F3E-3081DAD412D5}.Release|x86.Build.0 = Release|Win32
		{6EE82688-E1C8-4198-9403-FFA2AF2C430A}.Debug|x64.ActiveCfg = Debug|x64
		{6EE82688-E1C8-4198-9403-FFA2AF2C430A}.Debug|x64.Build.0 = Debug|x64
		{6EE82688-E1C8-4198-9403-FFA2AF2C430A}.Debug|x86.ActiveCfg = Debug|Win32
		{6EE82688-E1C8-4198-9403-FFA2AF2C430A}.Debug|x86.Build.0 = Debug|Win32
		{6EE82688-E1C8-4198-9403-FFA2AF2C430A}.Release|x64.ActiveCfg = Release|x64
		{6EE82688-E1C8-4198-9403-FFA2AF2C430A}.Release|x64.Build.0 = Release|x64
		{6EE82688-E1C8-4198-9403-FFA2AF2C430A}.Release|x86.ActiveCfg = Release|Win32
		{6EE82688-E1C8-4198-9403-FFA2AF2C430A}.Release|x86.Build.0 = Release|Win32
		{5D8C074D-35DA-4E8F-9CE7-BBA39FB070FF}.Debug|x64.ActiveCfg = Debug|x64
		{5D8C074D-35DA-4E8F-9CE7-BBA39FB070FF}.Debug|x64.Build.0 = Debug|x64
		{5D8C074D-35DA-4E8F-9CE7-BBA39FB070FF}.Debug|x86.ActiveCfg = Debug|Win32
		{5D8C074D-35DA-4E8F-9CE7-BBA39FB070FF}.Debug|x86.Build.0 = Debug|Win32
		{5D8C074D-35DA-4E8F-9CE7-BBA39FB070FF}.Release|x64.ActiveCfg = Release|x64
		{5D8C074D-35DA-4E8F-9CE7-BBA39FB070FF}.Release|x64.Build.0 = Release|x64
		{5D8C074D-35DA-4E8F-9CE7-BBA39FB070FF}.Release|x86.ActiveCfg = Release|Win32
		{5D8C074D-35DA-4E8F-9CE7-BBA39FB070FF}.Release|x86.Build.0 = Release|Win32
		{CCA86161-CFEE-48B9-B3BA-AE69F2BBDD7F}.Debug|x64.ActiveCfg = Debug|x64
		{CCA86161-CFEE-48B9-B3BA-AE69F2BBDD7F}.Debug|x64.Build.0 = Debug|x64
		{CCA86161-CFEE-48B9-B3BA-AE69F2BBDD7F}.Debug|x86.ActiveCfg = Debug|Win32
		{CCA86161-CFEE-48B9-B3BA-AE69F2BBDD7F}.Debug|x86.Build.0 = Debug|Win32
		{CCA86161-CFEE-48B9-B3BA-AE69F2BBDD7F}.Release|x64.ActiveCfg = Release|x64
		{CCA86161-CFEE-48B9-B3BA-AE69F2BBDD7F}.Release|x64.Build.0 = Release|x64
		{CCA86161-CFEE-48B9-B3BA-AE69F2BBDD7F}.Release|x86.ActiveCfg = Release|Win32
		{CCA86161-CFEE-48B9-B3BA-AE69F2BBDD7F}.Release|x86.Build.0 = Release|Win32
		{2FD6BE55-EC3C-43E0-8DA8-7F61B2B638F9}.Debug|x64.ActiveCfg = Debug|x64
		{2FD6BE55-EC3C-43E0-8DA8-7F61B2B638F9}.Debug|x64.Build.0 = Debug|x64
		{2FD6BE55-EC3C-43E0-8DA8-7F61B2B638F9}.Debug|x86.ActiveCfg = Debug|Win32
		{2FD6BE55-EC3C-43E0-8DA8-7F61B2B638F9}.Debug|x86.Build.0 = Debug|Win32
		{2FD6BE55-EC3C-43E0-8DA8-7F61B2B638F9}.Release|x64.ActiveCfg = Release|x64
		{2FD6BE55-EC3C-43E0-8DA8-7F61B2B638F9}.Release|x64.Build.0 = Release|x64
		{2FD6BE55-EC3C-43E0-8DA8-7F61B2B638F9}.Release|x86.ActiveCfg = Release|Win32
		{2FD6BE55-EC3C-43E0-8DA8-7F61B2B638F9}.Release|x86.Build.0 = Release|Win32
		{36614F43-56AF-473B-B765-177E90887419}.Debug|x64.ActiveCfg = Debug|x64
		{36614F43-56AF-473B-B765-177E90887419}.Debug|x64.Build.0 = Debug|x64
		{36614F43-56AF-473B-B765-177E90887419}.Debug|x86.ActiveCfg = Debug|Win32
		{36614F43-56AF-473B-B765-177E90887419}.Debug|x86.Build.0 = Debug|Win32
		{36614F43-56AF-473B-B765-177E90887419}.Release|x64.ActiveCfg = Release|x64
		{36614F43-56AF-473B-B765-177E90887419}.Release|x64.Build.0 = Release|x64
		{36614F43-56AF-473B-B765-177E90887419}.Release|x86.ActiveCfg = Release|Win32
		{36614F43-56AF-473B-B765-177E90887419}.Release|x86.Build.0 = Release|Win32
		{CF93A2B9-CC8A-4E62-B57D-F31C0E71DB90}.Debug|x64.ActiveCfg = Debug|x64
		{CF93A2B9-CC8A-4E62-B57D-F31C0E71DB90}.Debug|x64.Build.0 = Debug|x64
		{CF93A2B9-CC8A-4E62-B57D-F31C0E71DB90}.Debug|x86.ActiveCfg = Debug|Win32
		{CF93A2B9-CC8A-4E62-B57D-F31C0E71DB90}.Debug|x86.Build.0 = Debug|Win32
		{CF93A2B9-CC8A-4E62-B57D-F31C0E71DB90}.Release|x64.ActiveCfg = Release|x64
		{CF93A2B9-CC8A-4E62-B57D-F31C0E71DB90}.Release|x64.Build.0 = Release|x64
		{CF93A2B9-CC8A-4E62-B57D-F31C0E71DB90}.Release|x86.ActiveCfg = Release|Win32
		{CF93A2B9-CC8A-4E62-B57D-F31C0E71DB90}.Release|x86.Build.0 = Release|Win32
		{B5A9F0C1-2977-4972-94E3-BC3FC73B0B3E}.Debug|x64.ActiveCfg = Debug|x64
		{B5A9F0C1-2977-4972-94E3-BC3FC73B0B3E}.Debug|x64.Build.0 = Debug|x64
		{B5A9F0C1-2977-4972-94E3-BC3FC73B0B3E}.Debug|x86.ActiveCfg = Debug|Win32
		{B5A9F0C1-2977-4972-94E3-BC3FC73B0B3E}.Debug|x86.Build.0 = Debug|Win32
		{B5A9F0C1-2977-4972-94E3-BC3FC73B0B3E}.Release|x64.ActiveCfg = Release|x64
		{B5A9F0C1-2977-4972-94E3-BC3FC73B0B3E}.Release|x64.Build.0 = Release|x64
		{B5A9F0C1-2977-4972-94E3-BC3FC73B0B3E}.Release|x86.ActiveCfg = Release|Win32
		{B5A9F0C1-2977-4972-94E3-BC3FC73B0B3E}.Release|x86.Build.0 = Release|Win32
		{87830A98-2309-4A6E-B779-971FFD00A6D8}.Debug|x64.ActiveCfg = Debug|x64
		{87830A98-2309-4A6E-B779-971FFD00A6D8}.Debug|x64.Build.0 = Debug|x64
		{87830A98-2309-4A6E-B779-971FFD00A6D8}.Debug|x86.ActiveCfg = Debug|Win32
		{87830A98-2309-4A6E-B779-971FFD00A6D8}.Debug|x86.Build.0 = Debug|Win32
		{87830A98-2309-4A6E-B779-971FFD00A6D8}.Release|x64.ActiveCfg = Release|x64
		{87830A98-2309-4A6E-B779-971FFD00A6D8}.Release|x64.Build.0 = Release|x64
		{87830A98-2309-4A6E-B779-971FFD00A6D8}.Release|x86.ActiveCfg = Release|Win32
		{87830A98-2309-4A6E-B779-971FFD00A6D8}.Release|x86.Build.0 = Release|Win32
		{8C2DBEA0-85C4-46BF-AF11-2F58D7B80029}.Debug|x64.ActiveCfg = Debug|x64
		{8C2DBEA0-85C4-46BF-AF11-2F58D7B80029}.Debug|x64.Build.0 = Debug|x64
		{8C2DBEA0-85C4-46BF-AF11-2F58D7B80029}.Debug|x86.ActiveCfg = Debug|Win32
		{8C2DBEA0-85C4-46BF-AF11-2F58D7B80029}.Debug|x86.Build.0 = Debug|Win32
		{8C2DBEA0-85C4-46BF-AF11-2F58D7B80029}.Release|x64.ActiveCfg = Release|x64
		{8C2DBEA0-85C4-46BF-AF11-2F58D7B80029}.Release|x64.Build.0 = Release|x64
		{8C2DBEA0-85C4-46BF-AF11-2F58D7B80029}.Release|x86.ActiveCfg = Release|Win32
		{8C2DBEA0-85C4-46BF-AF11-2F58D7B80029}.Release|x86.Build.0 = Release|Win32
		{250F042A-414D-4DFC-8EA4-8B1B0507578E}.Debug|x64.ActiveCfg = Debug|x64
		{250F042A-414D-4DFC-8EA4-8B1B0507578E}.Debug|x64.Build.0 = Debug|x64
		{250F042A-414D-4DFC-8EA4-8B1B0507578E}.Debug|x86.ActiveCfg = Debug|Win32
		{250F042A-414D-4DFC-8EA4-8B1B0507578E}.Debug|x86.Build.0 = Debug|Win32
		{250F042A-414D-4DFC-8EA4-8B1B0507578E}.Release|x64.ActiveCfg = Release|x64
		{250F042A-414D-4DFC-8EA4-8B1B0507578E}.Release|x64.Build.0 = Release|x64
		{250F042A-414D-4DFC-8EA4-8B1B0507578E}.Release|x86.ActiveCfg = Release|Win32
		{250F042A-414D-4DFC-8EA4-8B1B0507578E}.Release|x86.Build.0 = Release|Win32
		{B6190270-4E27-4DA2-8D92-12E4D113187A}.Debug|x64.ActiveCfg = Debug|x64
		{B6190270-4E27-4DA2-8D92-12E4D113187A}.Debug|x64.Build.0 = Debug|x64
		{B6190270-4E27-4DA2-8D92-12E4D113187A}.Debug|x86.ActiveCfg = Debug|Win32
		{B6190270-4E27-4DA2-8D92-12E4D113187A}.Debug|x86.Build.0 = Debug|Win32
		{B6190270-4E27-4DA2-8D92-12E4D113187A}.Release|x64.ActiveCfg = Release|x64
		{B6190270-4E27-4DA2-8D92-12E4D113187A}.Release|x64.Build.0 = Release|x64
		{B6190270-4E27-4DA2-8D92-12E4D113187A}.Release|x86.ActiveCfg = Release|Win32
		{B6190270-4E27-4DA2-8D92-12E4D113187A}.Release|x86.Build.0 = Release|Win32
		{443AD1F8-8B85-4F74-AF90-1B24ED4793A9}.Debug|x64.ActiveCfg = Debug|x64
		{443AD1F8-8B85-4F74-AF90-1B24ED4793A9}.Debug|x64.Build.0 = Debug|x64
		{443AD1F8-8B85-4F74-AF90-1B24ED4793A9}.Debug|x86.ActiveCfg = Debug|Win32
		{443AD1F8-8B85-4F74-AF90-1B24ED4793A9}.Debug|x86.Build.0 = Debug|Win32
		{443AD1F8-8B85-4F74-AF90-1B24ED4793A9}.Release|x64.ActiveCfg = Release|x64
		{443AD1F8-8B85-4F74-AF90-1B24ED4793A9}.Release|x64.Build.0 = Release|x64
		{443AD1F8-8B85-4F74-AF90-1B24ED4793A9}.Release|x86.ActiveCfg = Release|Win32
		{443AD1F8-8B85-4F74-AF90-1B24ED4793A9}.Release|x86.Build.0 = Release|Win32
		{BB212FE4-E664-42A2-B48C-3C65346331B2}.Debug|x64.ActiveCfg = Debug|x64
		{BB212FE4-E664-42A2-B48C-3C65346331B2}.Debug|x64.Build.0 = Debug|x64
		{BB212FE4-E664-42A2-B48C-3C65346331B2}.Debug|x86.ActiveCfg = Debug|Win32
		{BB212FE4-E664-42A2-B48C-3C65346331B2}.Debug|x86.Build.0 = Debug|Win32
		{BB212FE4-E664-42A2-B48C-3C65346331B2}.Release|x64.ActiveCfg = Release|x64
		{BB212FE4-E664-42A2-B48C-3C65346331B2}.Release|x64.Build.0 = Release|x64
		{BB212FE4-E664-42A2-B48C-3C65346331B2}.Release|x86.ActiveCfg = Release|Win32
		{BB212FE4-E664-42A2-B48C-3C65346331B2}.Release|x86.Build.0 = Release|Win32
		{C5305879-7238-420C-8CD3-7CBEBC4F9293}.Debug|x64.ActiveCfg = Debug|x64
		{C5305879-7238-420C-8CD3-7CBEBC4F9293}.Debug|x64.Build.0 = Debug|x64
		{C5305879-7238-420C-8CD3-7CBEBC4F9293}.Debug|x86.ActiveCfg = Debug|Win32
		{C5305879-7238-420C-8CD3-7CBEBC4F9293}.Debug|x86.Build.0 = Debug|Win32
		{C5305879-7238-420C-8CD3-7CBEBC4F9293}.Release|x64.ActiveCfg = Release|x64
		{C5305879-7238-420C-8CD3-7CBEBC4F9293}.Release|x64.Build.0 = Release|x64
		{C5305879-7238-420C-8CD3-7CBEBC4F9293}.Release|x86.ActiveCfg = Release|Win32
		{C5305879-7238-420C-8CD3-7CBEBC4F9293}.Release|x86.Build.0 = Release|Win32
		{6D2BDB05-A1AF-4604-BB15-60E2305D4B4B}.Debug|x64.ActiveCfg = Debug|x64
		{6D2BDB05-A1AF-4604-BB15-60E2305D4B4B}.Debug|x64.Build.0 = Debug|x64
		{6D2BDB05-A1AF-4604-BB15-60E2305D4B4B}.Debug|x86.ActiveCfg = Debug|Win32
		{6D2BDB05-A1AF-4604-BB15-60E2305D4B4B}.Debug|x86.Build.0 = Debug|Win32
		{6D2BDB05-A1AF-4604-BB15-60E2305D4B4B}.Release|x64.ActiveCfg = Release|x64
		{6D2BDB05-A1AF-4604-BB15-60E2305D4B4B}.Release|x64.Build.0 = Release|x64
		{6D2BDB05-A1AF-4604-BB15-60E2305D4B4B}.Release|x86.ActiveCfg = Release|Win32
		{6D2BDB05-A1AF-4604-BB15-60E2305D4B4B}.Release|x86.Build.0 = Release|Win32
		{454576F6-0290-4F43-A204-9E3F4445FE30}.Debug|x64.ActiveCfg = Debug|x64
		{454576F6-0290-4F43-A204-9E3F4445FE30}.Debug|x64.Build.0 = Debug|x64
		{454576F6-0290-4F43-A204-9E3F4445FE30}.Debug|x86.ActiveCfg = Debug|Win32
		{454576F6-0290-4F43-A204-9E3F4445FE30}.Debug|x86.Build.0 = Debug|Win32
		{454576F6-0290-4F43-A204-9E3F4445FE30}.Release|x64.ActiveCfg = Release|x64
		{454576F6-0290-4F43-A204-9E3F4445FE30}.Release|x64.Build.0 = Release|x64
		{454576F6-0290-4F43-A204-9E3F4445FE30}.Release|x86.ActiveCfg = Release|Win32
		{454576F6-0290-4F43-A204-9E3F4445FE30}.Release|x86.Build.0 = Release|Win32
		{FCE9DD4A-F0FD-46C8-9E20-D5A991AF235E}.Debug|x64.ActiveCfg = Debug|x64
		{FCE9DD4A-F0FD-46C8-9E20-D5A991AF235E}.Debug|x64.Build.0 = Debug|x64
		{FCE9DD4A-F0FD-46C8-9E20-D5A991AF235E}.Debug|x86.ActiveCfg = Debug|Win32
		{FCE9DD4A-F0FD-46C8-9E20-D5A991AF235E}.Debug|x86.Build.0 = Debug|Win32
		{FCE9DD4A-F0FD-46C8-9E20-D5A991AF235E}.Release|x64.ActiveCfg = Release|x64
		{FCE9DD4A-F0FD-46C8-9E20-D5A991AF235E}.Release|x64.Build.0 = Release|x64
		{FCE9DD4A-F0FD-46C8-9E20-D5A991AF235E}.Release|x86.ActiveCfg = Release|Win32
		{FCE9DD4A-F0FD-46C8-9E20-D5A991AF235E}.Release|x86.Build.0 = Release|Win32
		{64703C82-77FB-4119-A1E0-2E16F346205C}.Debug|x64.ActiveCfg = Debug|x64
		{64703C82-77FB-4119-A1E0-2E16F346205C}.Debug|x64.Build.0 = Debug|x64
		{64703C82-77FB-4119-A1E0-2E16F346205C}.Debug|x86.ActiveCfg = Debug|Win32
		{64703C82-77FB-4119-A1E0-2E16F346205C}.Debug|x86.Build.0 = Debug|Win32
		{64703C82-77FB-4119-A1E0-2E16F346205C}.Release|x64.ActiveCfg = Release|x64
		{64703C82-77FB-4119-A1E0-2E16F346205C}.Release|x64.Build.0 = Release|x64
		{64703C82-77FB-4119-A1E0-2E16F346205C}.Release|x86.ActiveCfg = Release|Win32
		{64703C82-77FB-4119-A1E0-2E16F346205C}.Release|x86.Build.0 = Release|Win32
		{471631D7-97DA-4085-91E5-2880D6077CBB}.Debug|x64.ActiveCfg = Debug|x64
		{471631D7-97DA-4085-91E5-2880D6077CBB}.Debug|x64.Build.0 = Debug|x64
		{471631D7-97DA-4085-91E5-2880D6077CBB}.Debug|x86.ActiveCfg = Debug|Win32
		{471631D7-97DA-4085-91E5-2880D6077CBB}.Debug|x86.Build.0 = Debug|Win32
		{471631D7-97DA-4085-91E5-2880D6077CBB}.Release|x64.ActiveCfg = Release|x64
		{471631D7-97DA-4085-91E5-2880D6077CBB}.Release|x64.Build.0 = Release|x64
		{471631D7-97DA-4085-91E5-2880D6077CBB}.Release|x86.ActiveCfg = Release|Win32
		{471631D7-97DA-4085-91E5-2880D6077CBB}.Release|x86.Build.0 = Release|Win32
	EndGlobalSection
	GlobalSection(SolutionProperties) = preSolution
		HideSolutionNode = FALSE
	EndGlobalSection
EndGlobal
