
Microsoft Visual Studio Solution File, Format Version 12.00
# Visual Studio 15
VisualStudioVersion = 15.0.28010.2036
MinimumVisualStudioVersion = 10.0.40219.1
Project("{8BC9CEB8-8B4A-11D0-8D11-00A0C91BC942}") = "36-深拷贝", "36-深拷贝\36-深拷贝.vcxproj", "{2FD6BE55-EC3C-43E0-8DA8-7F61B2B638F9}"
EndProject
Global
	GlobalSection(SolutionConfigurationPlatforms) = preSolution
		Debug|x64 = Debug|x64
		Debug|x86 = Debug|x86
		Release|x64 = Release|x64
		Release|x86 = Release|x86
	EndGlobalSection
	GlobalSection(ProjectConfigurationPlatforms) = postSolution
		{2FD6BE55-EC3C-43E0-8DA8-7F61B2B638F9}.Debug|x64.ActiveCfg = Debug|x64
		{2FD6BE55-EC3C-43E0-8DA8-7F61B2B638F9}.Debug|x64.Build.0 = Debug|x64
		{2FD6BE55-EC3C-43E0-8DA8-7F61B2B638F9}.Debug|x86.ActiveCfg = Debug|Win32
		{2FD6BE55-EC3C-43E0-8DA8-7F61B2B638F9}.Debug|x86.Build.0 = Debug|Win32
		{2FD6BE55-EC3C-43E0-8DA8-7F61B2B638F9}.Release|x64.ActiveCfg = Release|x64
		{2FD6BE55-EC3C-43E0-8DA8-7F61B2B638F9}.Release|x64.Build.0 = Release|x64
		{2FD6BE55-EC3C-43E0-8DA8-7F61B2B638F9}.Release|x86.ActiveCfg = Release|Win32
		{2FD6BE55-EC3C-43E0-8DA8-7F61B2B638F9}.Release|x86.Build.0 = Release|Win32
	EndGlobalSection
	GlobalSection(SolutionProperties) = preSolution
		HideSolutionNode = FALSE
	EndGlobalSection
	GlobalSection(ExtensibilityGlobals) = postSolution
		SolutionGuid = {3D1E8966-30F8-4CD9-866C-5BB992F7816F}
	EndGlobalSection
EndGlobal
