
Microsoft Visual Studio Solution File, Format Version 12.00
# Visual Studio 15
VisualStudioVersion = 15.0.28010.2036
MinimumVisualStudioVersion = 10.0.40219.1
Project("{8BC9CEB8-8B4A-11D0-8D11-00A0C91BC942}") = "35-拷贝构造", "35-拷贝构造\35-拷贝构造.vcxproj", "{CCA86161-CFEE-48B9-B3BA-AE69F2BBDD7F}"
EndProject
Global
	GlobalSection(SolutionConfigurationPlatforms) = preSolution
		Debug|x64 = Debug|x64
		Debug|x86 = Debug|x86
		Release|x64 = Release|x64
		Release|x86 = Release|x86
	EndGlobalSection
	GlobalSection(ProjectConfigurationPlatforms) = postSolution
		{CCA86161-CFEE-48B9-B3BA-AE69F2BBDD7F}.Debug|x64.ActiveCfg = Debug|x64
		{CCA86161-CFEE-48B9-B3BA-AE69F2BBDD7F}.Debug|x64.Build.0 = Debug|x64
		{CCA86161-CFEE-48B9-B3BA-AE69F2BBDD7F}.Debug|x86.ActiveCfg = Debug|Win32
		{CCA86161-CFEE-48B9-B3BA-AE69F2BBDD7F}.Debug|x86.Build.0 = Debug|Win32
		{CCA86161-CFEE-48B9-B3BA-AE69F2BBDD7F}.Release|x64.ActiveCfg = Release|x64
		{CCA86161-CFEE-48B9-B3BA-AE69F2BBDD7F}.Release|x64.Build.0 = Release|x64
		{CCA86161-CFEE-48B9-B3BA-AE69F2BBDD7F}.Release|x86.ActiveCfg = Release|Win32
		{CCA86161-CFEE-48B9-B3BA-AE69F2BBDD7F}.Release|x86.Build.0 = Release|Win32
	EndGlobalSection
	GlobalSection(SolutionProperties) = preSolution
		HideSolutionNode = FALSE
	EndGlobalSection
	GlobalSection(ExtensibilityGlobals) = postSolution
		SolutionGuid = {14A8E5DD-A1F1-4E7A-B018-9AEEC820403A}
	EndGlobalSection
EndGlobal
